<?xml version="1.0" encoding="utf-8"?>
<Project ToolsVersion="4.0" xmlns="http://schemas.microsoft.com/developer/msbuild/2003">
  <ItemGroup>
    <Filter Include="Source Files">
      <UniqueIdentifier>{4FC737F1-C7A5-4376-A066-2A32D752A2FF}</UniqueIdentifier>
      <Extensions>cpp;c;cc;cxx;c++;cppm;ixx;def;odl;idl;hpj;bat;asm;asmx</Extensions>
    </Filter>
    <Filter Include="Header Files">
      <UniqueIdentifier>{93995380-89BD-4b04-88EB-625FBE52EBFB}</UniqueIdentifier>
      <Extensions>h;hh;hpp;hxx;h++;hm;inl;inc;ipp;xsd</Extensions>
    </Filter>
    <Filter Include="Resource Files">
      <UniqueIdentifier>{67DA6AB6-F800-4c08-8B7A-83BB121AAD01}</UniqueIdentifier>
      <Extensions>rc;ico;cur;bmp;dlg;rc2;rct;bin;rgs;gif;jpg;jpeg;jpe;resx;tiff;tif;png;wav;mfcribbon-ms</Extensions>
    </Filter>
    <Filter Include="Model">
      <UniqueIdentifier>{e1fe40d4-5479-470d-90d0-959e66877a13}</UniqueIdentifier>
    </Filter>
    <Filter Include="Model\v3">
      <UniqueIdentifier>{40b23869-8b8a-4ee7-a8e8-8a21a8656304}</UniqueIdentifier>
    </Filter>
  </ItemGroup>
  <ItemGroup>
    <ClCompile Include="CudaSetUp.cpp">
      <Filter>Source Files</Filter>
    </ClCompile>
  </ItemGroup>
  <ItemGroup>
    <None Include="C:\Users\admin\Downloads\frozen_inference_graph.pb">
      <Filter>Model</Filter>
    </None>
    <None Include="C:\Users\admin\AppData\Local\Temp\Rar$DRa28544.30290\MobileNet_SSD_OpenCV_TensorFlow-master\ssd_mobilenet_v2_coco_2018_03_29.pbtxt">
      <Filter>Model</Filter>
    </None>
    <None Include="C:\Users\admin\Downloads\yolov5n.onnx">
      <Filter>Model</Filter>
    </None>
    <None Include="C:\Users\admin\Downloads\ObjectDetector-OpenCV-main\ssd_mobilenet_v3_large_coco_2020_01_14.pbtxt">
      <Filter>Model\v3</Filter>
    </None>
    <None Include="C:\Users\admin\Downloads\ObjectDetector-OpenCV-main\coco.names">
      <Filter>Model\v3</Filter>
    </None>
    <None Include="C:\Users\admin\Downloads\ObjectDetector-OpenCV-main\frozen_inference_graph.pb">
      <Filter>Model\v3</Filter>
    </None>
  </ItemGroup>
  <ItemGroup>
    <Text Include="C:\Users\admin\AppData\Local\Temp\Rar$DRa28544.31346\MobileNet_SSD_OpenCV_TensorFlow-master\COCO_labels.txt">
      <Filter>Model</Filter>
    </Text>
    <Text Include="Models_\ssd_mobilenet_v2_coco_2018_03_29.pbtxt.txt">
      <Filter>Model</Filter>
    </Text>
  </ItemGroup>
  <ItemGroup>
    <ClInclude Include="Utilis.h">
      <Filter>Header Files</Filter>
    </ClInclude>
  </ItemGroup>
</Project>